
Microsoft Visual Studio Solution File, Format Version 12.00
# Visual Studio Version 16
VisualStudioVersion = 16.0.30011.22
MinimumVisualStudioVersion = 10.0.40219.1
Project("{FAE04EC0-301F-11D3-BF4B-00C04F79EFBC}") = "PushNotifications.UWP", "PushNotifications.UWP\PushNotifications.UWP.csproj", "{781E29F8-CE62-4628-9590-1783D8895496}"
EndProject
Project("{FAE04EC0-301F-11D3-BF4B-00C04F79EFBC}") = "PushNotifications.Android", "PushNotifications.Android\PushNotifications.Android.csproj", "{1A8F12AE-2F66-4E77-98DC-C3146FE43896}"
EndProject
Project("{FAE04EC0-301F-11D3-BF4B-00C04F79EFBC}") = "PushNotifications.iOS", "PushNotifications.iOS\PushNotifications.iOS.csproj", "{AA7307F9-E9AB-4338-AA04-6EF29381794D}"
EndProject
Project("{9A19103F-16F7-4668-BE54-9A1E7A4F7556}") = "PushNotifications", "PushNotifications\PushNotifications.csproj", "{88127931-2ED7-41D8-8065-6A53BCE78C83}"
EndProject
Global
	GlobalSection(SolutionConfigurationPlatforms) = preSolution
		Debug|Any CPU = Debug|Any CPU
		Debug|ARM = Debug|ARM
		Debug|iPhone = Debug|iPhone
		Debug|iPhoneSimulator = Debug|iPhoneSimulator
		Debug|x64 = Debug|x64
		Debug|x86 = Debug|x86
		Release|Any CPU = Release|Any CPU
		Release|ARM = Release|ARM
		Release|iPhone = Release|iPhone
		Release|iPhoneSimulator = Release|iPhoneSimulator
		Release|x64 = Release|x64
		Release|x86 = Release|x86
	EndGlobalSection
	GlobalSection(ProjectConfigurationPlatforms) = postSolution
		{781E29F8-CE62-4628-9590-1783D8895496}.Debug|Any CPU.ActiveCfg = Debug|x86
		{781E29F8-CE62-4628-9590-1783D8895496}.Debug|Any CPU.Build.0 = Debug|x86
		{781E29F8-CE62-4628-9590-1783D8895496}.Debug|Any CPU.Deploy.0 = Debug|x86
		{781E29F8-CE62-4628-9590-1783D8895496}.Debug|ARM.ActiveCfg = Debug|ARM
		{781E29F8-CE62-4628-9590-1783D8895496}.Debug|ARM.Build.0 = Debug|ARM
		{781E29F8-CE62-4628-9590-1783D8895496}.Debug|ARM.Deploy.0 = Debug|ARM
		{781E29F8-CE62-4628-9590-1783D8895496}.Debug|iPhone.ActiveCfg = Debug|x86
		{781E29F8-CE62-4628-9590-1783D8895496}.Debug|iPhone.Build.0 = Debug|x86
		{781E29F8-CE62-4628-9590-1783D8895496}.Debug|iPhone.Deploy.0 = Debug|x86
		{781E29F8-CE62-4628-9590-1783D8895496}.Debug|iPhoneSimulator.ActiveCfg = Debug|x86
		{781E29F8-CE62-4628-9590-1783D8895496}.Debug|iPhoneSimulator.Build.0 = Debug|x86
		{781E29F8-CE62-4628-9590-1783D8895496}.Debug|iPhoneSimulator.Deploy.0 = Debug|x86
		{781E29F8-CE62-4628-9590-1783D8895496}.Debug|x64.ActiveCfg = Debug|x64
		{781E29F8-CE62-4628-9590-1783D8895496}.Debug|x64.Build.0 = Debug|x64
		{781E29F8-CE62-4628-9590-1783D8895496}.Debug|x64.Deploy.0 = Debug|x64
		{781E29F8-CE62-4628-9590-1783D8895496}.Debug|x86.ActiveCfg = Debug|x86
		{781E29F8-CE62-4628-9590-1783D8895496}.Debug|x86.Build.0 = Debug|x86
		{781E29F8-CE62-4628-9590-1783D8895496}.Debug|x86.Deploy.0 = Debug|x86
		{781E29F8-CE62-4628-9590-1783D8895496}.Release|Any CPU.ActiveCfg = Release|x86
		{781E29F8-CE62-4628-9590-1783D8895496}.Release|Any CPU.Build.0 = Release|x86
		{781E29F8-CE62-4628-9590-1783D8895496}.Release|Any CPU.Deploy.0 = Release|x86
		{781E29F8-CE62-4628-9590-1783D8895496}.Release|ARM.ActiveCfg = Release|ARM
		{781E29F8-CE62-4628-9590-1783D8895496}.Release|ARM.Build.0 = Release|ARM
		{781E29F8-CE62-4628-9590-1783D8895496}.Release|ARM.Deploy.0 = Release|ARM
		{781E29F8-CE62-4628-9590-1783D8895496}.Release|iPhone.ActiveCfg = Release|x86
		{781E29F8-CE62-4628-9590-1783D8895496}.Release|iPhone.Build.0 = Release|x86
		{781E29F8-CE62-4628-9590-1783D8895496}.Release|iPhone.Deploy.0 = Release|x86
		{781E29F8-CE62-4628-9590-1783D8895496}.Release|iPhoneSimulator.ActiveCfg = Release|x86
		{781E29F8-CE62-4628-9590-1783D8895496}.Release|iPhoneSimulator.Build.0 = Release|x86
		{781E29F8-CE62-4628-9590-1783D8895496}.Release|iPhoneSimulator.Deploy.0 = Release|x86
		{781E29F8-CE62-4628-9590-1783D8895496}.Release|x64.ActiveCfg = Release|x64
		{781E29F8-CE62-4628-9590-1783D8895496}.Release|x64.Build.0 = Release|x64
		{781E29F8-CE62-4628-9590-1783D8895496}.Release|x64.Deploy.0 = Release|x64
		{781E29F8-CE62-4628-9590-1783D8895496}.Release|x86.ActiveCfg = Release|x86
		{781E29F8-CE62-4628-9590-1783D8895496}.Release|x86.Build.0 = Release|x86
		{781E29F8-CE62-4628-9590-1783D8895496}.Release|x86.Deploy.0 = Release|x86
		{1A8F12AE-2F66-4E77-98DC-C3146FE43896}.Debug|Any CPU.ActiveCfg = Debug|Any CPU
		{1A8F12AE-2F66-4E77-98DC-C3146FE43896}.Debug|Any CPU.Build.0 = Debug|Any CPU
		{1A8F12AE-2F66-4E77-98DC-C3146FE43896}.Debug|Any CPU.Deploy.0 = Debug|Any CPU
		{1A8F12AE-2F66-4E77-98DC-C3146FE43896}.Debug|ARM.ActiveCfg = Debug|Any CPU
		{1A8F12AE-2F66-4E77-98DC-C3146FE43896}.Debug|ARM.Build.0 = Debug|Any CPU
		{1A8F12AE-2F66-4E77-98DC-C3146FE43896}.Debug|ARM.Deploy.0 = Debug|Any CPU
		{1A8F12AE-2F66-4E77-98DC-C3146FE43896}.Debug|iPhone.ActiveCfg = Debug|Any CPU
		{1A8F12AE-2F66-4E77-98DC-C3146FE43896}.Debug|iPhone.Build.0 = Debug|Any CPU
		{1A8F12AE-2F66-4E77-98DC-C3146FE43896}.Debug|iPhone.Deploy.0 = Debug|Any CPU
		{1A8F12AE-2F66-4E77-98DC-C3146FE43896}.Debug|iPhoneSimulator.ActiveCfg = Debug|Any CPU
		{1A8F12AE-2F66-4E77-98DC-C3146FE43896}.Debug|iPhoneSimulator.Build.0 = Debug|Any CPU
		{1A8F12AE-2F66-4E77-98DC-C3146FE43896}.Debug|iPhoneSimulator.Deploy.0 = Debug|Any CPU
		{1A8F12AE-2F66-4E77-98DC-C3146FE43896}.Debug|x64.ActiveCfg = Debug|Any CPU
		{1A8F12AE-2F66-4E77-98DC-C3146FE43896}.Debug|x64.Build.0 = Debug|Any CPU
		{1A8F12AE-2F66-4E77-98DC-C3146FE43896}.Debug|x64.Deploy.0 = Debug|Any CPU
		{1A8F12AE-2F66-4E77-98DC-C3146FE43896}.Debug|x86.ActiveCfg = Debug|Any CPU
		{1A8F12AE-2F66-4E77-98DC-C3146FE43896}.Debug|x86.Build.0 = Debug|Any CPU
		{1A8F12AE-2F66-4E77-98DC-C3146FE43896}.Debug|x86.Deploy.0 = Debug|Any CPU
		{1A8F12AE-2F66-4E77-98DC-C3146FE43896}.Release|Any CPU.ActiveCfg = Release|Any CPU
		{1A8F12AE-2F66-4E77-98DC-C3146FE43896}.Release|Any CPU.Build.0 = Release|Any CPU
		{1A8F12AE-2F66-4E77-98DC-C3146FE43896}.Release|Any CPU.Deploy.0 = Release|Any CPU
		{1A8F12AE-2F66-4E77-98DC-C3146FE43896}.Release|ARM.ActiveCfg = Release|Any CPU
		{1A8F12AE-2F66-4E77-98DC-C3146FE43896}.Release|ARM.Build.0 = Release|Any CPU
		{1A8F12AE-2F66-4E77-98DC-C3146FE43896}.Release|ARM.Deploy.0 = Release|Any CPU
		{1A8F12AE-2F66-4E77-98DC-C3146FE43896}.Release|iPhone.ActiveCfg = Release|Any CPU
		{1A8F12AE-2F66-4E77-98DC-C3146FE43896}.Release|iPhone.Build.0 = Release|Any CPU
		{1A8F12AE-2F66-4E77-98DC-C3146FE43896}.Release|iPhone.Deploy.0 = Release|Any CPU
		{1A8F12AE-2F66-4E77-98DC-C3146FE43896}.Release|iPhoneSimulator.ActiveCfg = Release|Any CPU
		{1A8F12AE-2F66-4E77-98DC-C3146FE43896}.Release|iPhoneSimulator.Build.0 = Release|Any CPU
		{1A8F12AE-2F66-4E77-98DC-C3146FE43896}.Release|iPhoneSimulator.Deploy.0 = Release|Any CPU
		{1A8F12AE-2F66-4E77-98DC-C3146FE43896}.Release|x64.ActiveCfg = Release|Any CPU
		{1A8F12AE-2F66-4E77-98DC-C3146FE43896}.Release|x64.Build.0 = Release|Any CPU
		{1A8F12AE-2F66-4E77-98DC-C3146FE43896}.Release|x64.Deploy.0 = Release|Any CPU
		{1A8F12AE-2F66-4E77-98DC-C3146FE43896}.Release|x86.ActiveCfg = Release|Any CPU
		{1A8F12AE-2F66-4E77-98DC-C3146FE43896}.Release|x86.Build.0 = Release|Any CPU
		{1A8F12AE-2F66-4E77-98DC-C3146FE43896}.Release|x86.Deploy.0 = Release|Any CPU
		{AA7307F9-E9AB-4338-AA04-6EF29381794D}.Debug|Any CPU.ActiveCfg = Debug|iPhone
		{AA7307F9-E9AB-4338-AA04-6EF29381794D}.Debug|Any CPU.Build.0 = Debug|iPhone
		{AA7307F9-E9AB-4338-AA04-6EF29381794D}.Debug|Any CPU.Deploy.0 = Debug|iPhone
		{AA7307F9-E9AB-4338-AA04-6EF29381794D}.Debug|ARM.ActiveCfg = Debug|iPhone
		{AA7307F9-E9AB-4338-AA04-6EF29381794D}.Debug|ARM.Build.0 = Debug|iPhone
		{AA7307F9-E9AB-4338-AA04-6EF29381794D}.Debug|ARM.Deploy.0 = Debug|iPhone
		{AA7307F9-E9AB-4338-AA04-6EF29381794D}.Debug|iPhone.ActiveCfg = Debug|iPhone
		{AA7307F9-E9AB-4338-AA04-6EF29381794D}.Debug|iPhone.Build.0 = Debug|iPhone
		{AA7307F9-E9AB-4338-AA04-6EF29381794D}.Debug|iPhone.Deploy.0 = Debug|iPhone
		{AA7307F9-E9AB-4338-AA04-6EF29381794D}.Debug|iPhoneSimulator.ActiveCfg = Debug|iPhoneSimulator
		{AA7307F9-E9AB-4338-AA04-6EF29381794D}.Debug|iPhoneSimulator.Build.0 = Debug|iPhoneSimulator
		{AA7307F9-E9AB-4338-AA04-6EF29381794D}.Debug|iPhoneSimulator.Deploy.0 = Debug|iPhoneSimulator
		{AA7307F9-E9AB-4338-AA04-6EF29381794D}.Debug|x64.ActiveCfg = Debug|iPhone
		{AA7307F9-E9AB-4338-AA04-6EF29381794D}.Debug|x64.Build.0 = Debug|iPhone
		{AA7307F9-E9AB-4338-AA04-6EF29381794D}.Debug|x64.Deploy.0 = Debug|iPhone
		{AA7307F9-E9AB-4338-AA04-6EF29381794D}.Debug|x86.ActiveCfg = Debug|iPhone
		{AA7307F9-E9AB-4338-AA04-6EF29381794D}.Debug|x86.Build.0 = Debug|iPhone
		{AA7307F9-E9AB-4338-AA04-6EF29381794D}.Debug|x86.Deploy.0 = Debug|iPhone
		{AA7307F9-E9AB-4338-AA04-6EF29381794D}.Release|Any CPU.ActiveCfg = Release|iPhone
		{AA7307F9-E9AB-4338-AA04-6EF29381794D}.Release|Any CPU.Build.0 = Release|iPhone
		{AA7307F9-E9AB-4338-AA04-6EF29381794D}.Release|Any CPU.Deploy.0 = Release|iPhone
		{AA7307F9-E9AB-4338-AA04-6EF29381794D}.Release|ARM.ActiveCfg = Release|iPhone
		{AA7307F9-E9AB-4338-AA04-6EF29381794D}.Release|ARM.Build.0 = Release|iPhone
		{AA7307F9-E9AB-4338-AA04-6EF29381794D}.Release|ARM.Deploy.0 = Release|iPhone
		{AA7307F9-E9AB-4338-AA04-6EF29381794D}.Release|iPhone.ActiveCfg = Release|iPhone
		{AA7307F9-E9AB-4338-AA04-6EF29381794D}.Release|iPhone.Build.0 = Release|iPhone
		{AA7307F9-E9AB-4338-AA04-6EF29381794D}.Release|iPhone.Deploy.0 = Release|iPhone
		{AA7307F9-E9AB-4338-AA04-6EF29381794D}.Release|iPhoneSimulator.ActiveCfg = Release|iPhoneSimulator
		{AA7307F9-E9AB-4338-AA04-6EF29381794D}.Release|iPhoneSimulator.Build.0 = Release|iPhoneSimulator
		{AA7307F9-E9AB-4338-AA04-6EF29381794D}.Release|iPhoneSimulator.Deploy.0 = Release|iPhoneSimulator
		{AA7307F9-E9AB-4338-AA04-6EF29381794D}.Release|x64.ActiveCfg = Release|iPhone
		{AA7307F9-E9AB-4338-AA04-6EF29381794D}.Release|x64.Build.0 = Release|iPhone
		{AA7307F9-E9AB-4338-AA04-6EF29381794D}.Release|x64.Deploy.0 = Release|iPhone
		{AA7307F9-E9AB-4338-AA04-6EF29381794D}.Release|x86.ActiveCfg = Release|iPhone
		{AA7307F9-E9AB-4338-AA04-6EF29381794D}.Release|x86.Build.0 = Release|iPhone
		{AA7307F9-E9AB-4338-AA04-6EF29381794D}.Release|x86.Deploy.0 = Release|iPhone
		{88127931-2ED7-41D8-8065-6A53BCE78C83}.Debug|Any CPU.ActiveCfg = Debug|Any CPU
		{88127931-2ED7-41D8-8065-6A53BCE78C83}.Debug|Any CPU.Build.0 = Debug|Any CPU
		{88127931-2ED7-41D8-8065-6A53BCE78C83}.Debug|Any CPU.Deploy.0 = Debug|Any CPU
		{88127931-2ED7-41D8-8065-6A53BCE78C83}.Debug|ARM.ActiveCfg = Debug|Any CPU
		{88127931-2ED7-41D8-8065-6A53BCE78C83}.Debug|ARM.Build.0 = Debug|Any CPU
		{88127931-2ED7-41D8-8065-6A53BCE78C83}.Debug|ARM.Deploy.0 = Debug|Any CPU
		{88127931-2ED7-41D8-8065-6A53BCE78C83}.Debug|iPhone.ActiveCfg = Debug|Any CPU
		{88127931-2ED7-41D8-8065-6A53BCE78C83}.Debug|iPhone.Build.0 = Debug|Any CPU
		{88127931-2ED7-41D8-8065-6A53BCE78C83}.Debug|iPhone.Deploy.0 = Debug|Any CPU
		{88127931-2ED7-41D8-8065-6A53BCE78C83}.Debug|iPhoneSimulator.ActiveCfg = Debug|Any CPU
		{88127931-2ED7-41D8-8065-6A53BCE78C83}.Debug|iPhoneSimulator.Build.0 = Debug|Any CPU
		{88127931-2ED7-41D8-8065-6A53BCE78C83}.Debug|iPhoneSimulator.Deploy.0 = Debug|Any CPU
		{88127931-2ED7-41D8-8065-6A53BCE78C83}.Debug|x64.ActiveCfg = Debug|Any CPU
		{88127931-2ED7-41D8-8065-6A53BCE78C83}.Debug|x64.Build.0 = Debug|Any CPU
		{88127931-2ED7-41D8-8065-6A53BCE78C83}.Debug|x64.Deploy.0 = Debug|Any CPU
		{88127931-2ED7-41D8-8065-6A53BCE78C83}.Debug|x86.ActiveCfg = Debug|Any CPU
		{88127931-2ED7-41D8-8065-6A53BCE78C83}.Debug|x86.Build.0 = Debug|Any CPU
		{88127931-2ED7-41D8-8065-6A53BCE78C83}.Debug|x86.Deploy.0 = Debug|Any CPU
		{88127931-2ED7-41D8-8065-6A53BCE78C83}.Release|Any CPU.ActiveCfg = Release|Any CPU
		{88127931-2ED7-41D8-8065-6A53BCE78C83}.Release|Any CPU.Build.0 = Release|Any CPU
		{88127931-2ED7-41D8-8065-6A53BCE78C83}.Release|Any CPU.Deploy.0 = Release|Any CPU
		{88127931-2ED7-41D8-8065-6A53BCE78C83}.Release|ARM.ActiveCfg = Release|Any CPU
		{88127931-2ED7-41D8-8065-6A53BCE78C83}.Release|ARM.Build.0 = Release|Any CPU
		{88127931-2ED7-41D8-8065-6A53BCE78C83}.Release|ARM.Deploy.0 = Release|Any CPU
		{88127931-2ED7-41D8-8065-6A53BCE78C83}.Release|iPhone.ActiveCfg = Release|Any CPU
		{88127931-2ED7-41D8-8065-6A53BCE78C83}.Release|iPhone.Build.0 = Release|Any CPU
		{88127931-2ED7-41D8-8065-6A53BCE78C83}.Release|iPhone.Deploy.0 = Release|Any CPU
		{88127931-2ED7-41D8-8065-6A53BCE78C83}.Release|iPhoneSimulator.ActiveCfg = Release|Any CPU
		{88127931-2ED7-41D8-8065-6A53BCE78C83}.Release|iPhoneSimulator.Build.0 = Release|Any CPU
		{88127931-2ED7-41D8-8065-6A53BCE78C83}.Release|iPhoneSimulator.Deploy.0 = Release|Any CPU
		{88127931-2ED7-41D8-8065-6A53BCE78C83}.Release|x64.ActiveCfg = Release|Any CPU
		{88127931-2ED7-41D8-8065-6A53BCE78C83}.Release|x64.Build.0 = Release|Any CPU
		{88127931-2ED7-41D8-8065-6A53BCE78C83}.Release|x64.Deploy.0 = Release|Any CPU
		{88127931-2ED7-41D8-8065-6A53BCE78C83}.Release|x86.ActiveCfg = Release|Any CPU
		{88127931-2ED7-41D8-8065-6A53BCE78C83}.Release|x86.Build.0 = Release|Any CPU
		{88127931-2ED7-41D8-8065-6A53BCE78C83}.Release|x86.Deploy.0 = Release|Any CPU
	EndGlobalSection
	GlobalSection(SolutionProperties) = preSolution
		HideSolutionNode = FALSE
	EndGlobalSection
	GlobalSection(ExtensibilityGlobals) = postSolution
		SolutionGuid = {4EF6AD65-B3B1-48EC-92E9-8EA2B853652F}
	EndGlobalSection
EndGlobal
